// !$*UTF8*$!
{
	archiveVersion = 1;
	classes = {
	};
	objectVersion = 56;
	objects = {

/* Begin PBXBuildFile section */
		052B078B2BA4745700055040 /* SessionService.swift in Sources */ = {isa = PBXBuildFile; fileRef = 052B078A2BA4745700055040 /* SessionService.swift */; };
		052B07932BA4747700055040 /* RegistrationViewModel.swift in Sources */ = {isa = PBXBuildFile; fileRef = 052B078E2BA4747700055040 /* RegistrationViewModel.swift */; };
		052B07942BA4747700055040 /* RegistrationService.swift in Sources */ = {isa = PBXBuildFile; fileRef = 052B07902BA4747700055040 /* RegistrationService.swift */; };
		052B07952BA4747700055040 /* RegisterView.swift in Sources */ = {isa = PBXBuildFile; fileRef = 052B07922BA4747700055040 /* RegisterView.swift */; };
		052B079D2BA4749600055040 /* LoginViewModel.swift in Sources */ = {isa = PBXBuildFile; fileRef = 052B07982BA4749600055040 /* LoginViewModel.swift */; };
		052B079E2BA4749600055040 /* LoginService.swift in Sources */ = {isa = PBXBuildFile; fileRef = 052B079A2BA4749600055040 /* LoginService.swift */; };
		052B079F2BA4749600055040 /* LoginView.swift in Sources */ = {isa = PBXBuildFile; fileRef = 052B079C2BA4749600055040 /* LoginView.swift */; };
		71CE13822BA470E200D8A0E1 /* SDVMApp.swift in Sources */ = {isa = PBXBuildFile; fileRef = 71CE13812BA470E200D8A0E1 /* SDVMApp.swift */; };
		71CE13842BA470E200D8A0E1 /* ContentView.swift in Sources */ = {isa = PBXBuildFile; fileRef = 71CE13832BA470E200D8A0E1 /* ContentView.swift */; };
		71CE13862BA470E300D8A0E1 /* Assets.xcassets in Resources */ = {isa = PBXBuildFile; fileRef = 71CE13852BA470E300D8A0E1 /* Assets.xcassets */; };
		71CE13892BA470E300D8A0E1 /* Preview Assets.xcassets in Resources */ = {isa = PBXBuildFile; fileRef = 71CE13882BA470E300D8A0E1 /* Preview Assets.xcassets */; };
		71CE13912BA4728F00D8A0E1 /* FirebaseAnalytics in Frameworks */ = {isa = PBXBuildFile; productRef = 71CE13902BA4728F00D8A0E1 /* FirebaseAnalytics */; };
		71CE13932BA4728F00D8A0E1 /* FirebaseAnalyticsOnDeviceConversion in Frameworks */ = {isa = PBXBuildFile; productRef = 71CE13922BA4728F00D8A0E1 /* FirebaseAnalyticsOnDeviceConversion */; };
		71CE13952BA4728F00D8A0E1 /* FirebaseAnalyticsSwift in Frameworks */ = {isa = PBXBuildFile; productRef = 71CE13942BA4728F00D8A0E1 /* FirebaseAnalyticsSwift */; };
		71CE13972BA4728F00D8A0E1 /* FirebaseAnalyticsWithoutAdIdSupport in Frameworks */ = {isa = PBXBuildFile; productRef = 71CE13962BA4728F00D8A0E1 /* FirebaseAnalyticsWithoutAdIdSupport */; };
		71CE13992BA4728F00D8A0E1 /* FirebaseAppCheck in Frameworks */ = {isa = PBXBuildFile; productRef = 71CE13982BA4728F00D8A0E1 /* FirebaseAppCheck */; };
		71CE139B2BA4728F00D8A0E1 /* FirebaseAppDistribution-Beta in Frameworks */ = {isa = PBXBuildFile; productRef = 71CE139A2BA4728F00D8A0E1 /* FirebaseAppDistribution-Beta */; };
		71CE139D2BA4728F00D8A0E1 /* FirebaseAuth in Frameworks */ = {isa = PBXBuildFile; productRef = 71CE139C2BA4728F00D8A0E1 /* FirebaseAuth */; };
		71CE139F2BA4728F00D8A0E1 /* FirebaseAuthCombine-Community in Frameworks */ = {isa = PBXBuildFile; productRef = 71CE139E2BA4728F00D8A0E1 /* FirebaseAuthCombine-Community */; };
		71CE13A12BA4728F00D8A0E1 /* FirebaseCrashlytics in Frameworks */ = {isa = PBXBuildFile; productRef = 71CE13A02BA4728F00D8A0E1 /* FirebaseCrashlytics */; };
		71CE13A32BA4728F00D8A0E1 /* FirebaseDatabase in Frameworks */ = {isa = PBXBuildFile; productRef = 71CE13A22BA4728F00D8A0E1 /* FirebaseDatabase */; };
		71CE13A52BA4728F00D8A0E1 /* FirebaseDatabaseSwift in Frameworks */ = {isa = PBXBuildFile; productRef = 71CE13A42BA4728F00D8A0E1 /* FirebaseDatabaseSwift */; };
		71CE13A72BA4728F00D8A0E1 /* FirebaseDynamicLinks in Frameworks */ = {isa = PBXBuildFile; productRef = 71CE13A62BA4728F00D8A0E1 /* FirebaseDynamicLinks */; };
		71CE13A92BA4728F00D8A0E1 /* FirebaseFirestore in Frameworks */ = {isa = PBXBuildFile; productRef = 71CE13A82BA4728F00D8A0E1 /* FirebaseFirestore */; };
		71CE13AB2BA4728F00D8A0E1 /* FirebaseFirestoreCombine-Community in Frameworks */ = {isa = PBXBuildFile; productRef = 71CE13AA2BA4728F00D8A0E1 /* FirebaseFirestoreCombine-Community */; };
		71CE13AD2BA4728F00D8A0E1 /* FirebaseFirestoreSwift in Frameworks */ = {isa = PBXBuildFile; productRef = 71CE13AC2BA4728F00D8A0E1 /* FirebaseFirestoreSwift */; };
		71CE13AF2BA4728F00D8A0E1 /* FirebaseFunctions in Frameworks */ = {isa = PBXBuildFile; productRef = 71CE13AE2BA4728F00D8A0E1 /* FirebaseFunctions */; };
		71CE13B12BA4728F00D8A0E1 /* FirebaseFunctionsCombine-Community in Frameworks */ = {isa = PBXBuildFile; productRef = 71CE13B02BA4728F00D8A0E1 /* FirebaseFunctionsCombine-Community */; };
		71CE13B32BA4728F00D8A0E1 /* FirebaseInAppMessaging-Beta in Frameworks */ = {isa = PBXBuildFile; productRef = 71CE13B22BA4728F00D8A0E1 /* FirebaseInAppMessaging-Beta */; };
		71CE13B52BA4728F00D8A0E1 /* FirebaseInAppMessagingSwift-Beta in Frameworks */ = {isa = PBXBuildFile; productRef = 71CE13B42BA4728F00D8A0E1 /* FirebaseInAppMessagingSwift-Beta */; };
		71CE13B72BA4728F00D8A0E1 /* FirebaseInstallations in Frameworks */ = {isa = PBXBuildFile; productRef = 71CE13B62BA4728F00D8A0E1 /* FirebaseInstallations */; };
		71CE13B92BA4728F00D8A0E1 /* FirebaseMLModelDownloader in Frameworks */ = {isa = PBXBuildFile; productRef = 71CE13B82BA4728F00D8A0E1 /* FirebaseMLModelDownloader */; };
		71CE13BB2BA4728F00D8A0E1 /* FirebaseMessaging in Frameworks */ = {isa = PBXBuildFile; productRef = 71CE13BA2BA4728F00D8A0E1 /* FirebaseMessaging */; };
		71CE13BD2BA4728F00D8A0E1 /* FirebasePerformance in Frameworks */ = {isa = PBXBuildFile; productRef = 71CE13BC2BA4728F00D8A0E1 /* FirebasePerformance */; };
		71CE13BF2BA4728F00D8A0E1 /* FirebaseRemoteConfig in Frameworks */ = {isa = PBXBuildFile; productRef = 71CE13BE2BA4728F00D8A0E1 /* FirebaseRemoteConfig */; };
		71CE13C12BA4728F00D8A0E1 /* FirebaseRemoteConfigSwift in Frameworks */ = {isa = PBXBuildFile; productRef = 71CE13C02BA4728F00D8A0E1 /* FirebaseRemoteConfigSwift */; };
		71CE13C32BA4728F00D8A0E1 /* FirebaseStorage in Frameworks */ = {isa = PBXBuildFile; productRef = 71CE13C22BA4728F00D8A0E1 /* FirebaseStorage */; };
		71CE13C52BA4728F00D8A0E1 /* FirebaseStorageCombine-Community in Frameworks */ = {isa = PBXBuildFile; productRef = 71CE13C42BA4728F00D8A0E1 /* FirebaseStorageCombine-Community */; };
		71CE13C72BA472F800D8A0E1 /* GoogleService-Info.plist in Resources */ = {isa = PBXBuildFile; fileRef = 71CE13C62BA472F800D8A0E1 /* GoogleService-Info.plist */; };
		71CE13CC2BA4740B00D8A0E1 /* HomeView.swift in Sources */ = {isa = PBXBuildFile; fileRef = 71CE13CB2BA4740B00D8A0E1 /* HomeView.swift */; };
/* End PBXBuildFile section */

/* Begin PBXFileReference section */
		052B078A2BA4745700055040 /* SessionService.swift */ = {isa = PBXFileReference; fileEncoding = 4; lastKnownFileType = sourcecode.swift; path = SessionService.swift; sourceTree = "<group>"; };
		052B078E2BA4747700055040 /* RegistrationViewModel.swift */ = {isa = PBXFileReference; fileEncoding = 4; lastKnownFileType = sourcecode.swift; path = RegistrationViewModel.swift; sourceTree = "<group>"; };
		052B07902BA4747700055040 /* RegistrationService.swift */ = {isa = PBXFileReference; fileEncoding = 4; lastKnownFileType = sourcecode.swift; path = RegistrationService.swift; sourceTree = "<group>"; };
		052B07922BA4747700055040 /* RegisterView.swift */ = {isa = PBXFileReference; fileEncoding = 4; lastKnownFileType = sourcecode.swift; path = RegisterView.swift; sourceTree = "<group>"; };
		052B07982BA4749600055040 /* LoginViewModel.swift */ = {isa = PBXFileReference; fileEncoding = 4; lastKnownFileType = sourcecode.swift; path = LoginViewModel.swift; sourceTree = "<group>"; };
		052B079A2BA4749600055040 /* LoginService.swift */ = {isa = PBXFileReference; fileEncoding = 4; lastKnownFileType = sourcecode.swift; path = LoginService.swift; sourceTree = "<group>"; };
		052B079C2BA4749600055040 /* LoginView.swift */ = {isa = PBXFileReference; fileEncoding = 4; lastKnownFileType = sourcecode.swift; path = LoginView.swift; sourceTree = "<group>"; };
		71CE137E2BA470E200D8A0E1 /* SDVM.app */ = {isa = PBXFileReference; explicitFileType = wrapper.application; includeInIndex = 0; path = SDVM.app; sourceTree = BUILT_PRODUCTS_DIR; };
		71CE13812BA470E200D8A0E1 /* SDVMApp.swift */ = {isa = PBXFileReference; lastKnownFileType = sourcecode.swift; path = SDVMApp.swift; sourceTree = "<group>"; };
		71CE13832BA470E200D8A0E1 /* ContentView.swift */ = {isa = PBXFileReference; lastKnownFileType = sourcecode.swift; path = ContentView.swift; sourceTree = "<group>"; };
		71CE13852BA470E300D8A0E1 /* Assets.xcassets */ = {isa = PBXFileReference; lastKnownFileType = folder.assetcatalog; path = Assets.xcassets; sourceTree = "<group>"; };
		71CE13882BA470E300D8A0E1 /* Preview Assets.xcassets */ = {isa = PBXFileReference; lastKnownFileType = folder.assetcatalog; path = "Preview Assets.xcassets"; sourceTree = "<group>"; };
		71CE13C62BA472F800D8A0E1 /* GoogleService-Info.plist */ = {isa = PBXFileReference; fileEncoding = 4; lastKnownFileType = text.plist.xml; path = "GoogleService-Info.plist"; sourceTree = "<group>"; };
		71CE13CB2BA4740B00D8A0E1 /* HomeView.swift */ = {isa = PBXFileReference; fileEncoding = 4; lastKnownFileType = sourcecode.swift; path = HomeView.swift; sourceTree = "<group>"; };
/* End PBXFileReference section */

/* Begin PBXFrameworksBuildPhase section */
		71CE137B2BA470E200D8A0E1 /* Frameworks */ = {
			isa = PBXFrameworksBuildPhase;
			buildActionMask = 2147483647;
			files = (
				71CE13A32BA4728F00D8A0E1 /* FirebaseDatabase in Frameworks */,
				71CE13B12BA4728F00D8A0E1 /* FirebaseFunctionsCombine-Community in Frameworks */,
				71CE13A92BA4728F00D8A0E1 /* FirebaseFirestore in Frameworks */,
				71CE13952BA4728F00D8A0E1 /* FirebaseAnalyticsSwift in Frameworks */,
				71CE13912BA4728F00D8A0E1 /* FirebaseAnalytics in Frameworks */,
				71CE13932BA4728F00D8A0E1 /* FirebaseAnalyticsOnDeviceConversion in Frameworks */,
				71CE13B92BA4728F00D8A0E1 /* FirebaseMLModelDownloader in Frameworks */,
				71CE13AD2BA4728F00D8A0E1 /* FirebaseFirestoreSwift in Frameworks */,
				71CE13992BA4728F00D8A0E1 /* FirebaseAppCheck in Frameworks */,
				71CE13972BA4728F00D8A0E1 /* FirebaseAnalyticsWithoutAdIdSupport in Frameworks */,
				71CE139D2BA4728F00D8A0E1 /* FirebaseAuth in Frameworks */,
				71CE13A12BA4728F00D8A0E1 /* FirebaseCrashlytics in Frameworks */,
				71CE13C12BA4728F00D8A0E1 /* FirebaseRemoteConfigSwift in Frameworks */,
				71CE13B32BA4728F00D8A0E1 /* FirebaseInAppMessaging-Beta in Frameworks */,
				71CE13A52BA4728F00D8A0E1 /* FirebaseDatabaseSwift in Frameworks */,
				71CE13AF2BA4728F00D8A0E1 /* FirebaseFunctions in Frameworks */,
				71CE13C52BA4728F00D8A0E1 /* FirebaseStorageCombine-Community in Frameworks */,
				71CE13BF2BA4728F00D8A0E1 /* FirebaseRemoteConfig in Frameworks */,
				71CE139B2BA4728F00D8A0E1 /* FirebaseAppDistribution-Beta in Frameworks */,
				71CE139F2BA4728F00D8A0E1 /* FirebaseAuthCombine-Community in Frameworks */,
				71CE13BD2BA4728F00D8A0E1 /* FirebasePerformance in Frameworks */,
				71CE13B52BA4728F00D8A0E1 /* FirebaseInAppMessagingSwift-Beta in Frameworks */,
				71CE13C32BA4728F00D8A0E1 /* FirebaseStorage in Frameworks */,
				71CE13A72BA4728F00D8A0E1 /* FirebaseDynamicLinks in Frameworks */,
				71CE13AB2BA4728F00D8A0E1 /* FirebaseFirestoreCombine-Community in Frameworks */,
				71CE13BB2BA4728F00D8A0E1 /* FirebaseMessaging in Frameworks */,
				71CE13B72BA4728F00D8A0E1 /* FirebaseInstallations in Frameworks */,
			);
			runOnlyForDeploymentPostprocessing = 0;
		};
/* End PBXFrameworksBuildPhase section */

/* Begin PBXGroup section */
		052B07882BA4745700055040 /* Session */ = {
			isa = PBXGroup;
			children = (
				052B07892BA4745700055040 /* Service */,
			);
			path = Session;
			sourceTree = "<group>";
		};
		052B07892BA4745700055040 /* Service */ = {
			isa = PBXGroup;
			children = (
				052B078A2BA4745700055040 /* SessionService.swift */,
			);
			path = Service;
			sourceTree = "<group>";
		};
		052B078C2BA4747700055040 /* Registration */ = {
			isa = PBXGroup;
			children = (
				052B078D2BA4747700055040 /* ViewModel */,
				052B078F2BA4747700055040 /* Service */,
				052B07912BA4747700055040 /* Views */,
			);
			path = Registration;
			sourceTree = "<group>";
		};
		052B078D2BA4747700055040 /* ViewModel */ = {
			isa = PBXGroup;
			children = (
				052B078E2BA4747700055040 /* RegistrationViewModel.swift */,
			);
			path = ViewModel;
			sourceTree = "<group>";
		};
		052B078F2BA4747700055040 /* Service */ = {
			isa = PBXGroup;
			children = (
				052B07902BA4747700055040 /* RegistrationService.swift */,
			);
			path = Service;
			sourceTree = "<group>";
		};
		052B07912BA4747700055040 /* Views */ = {
			isa = PBXGroup;
			children = (
				052B07922BA4747700055040 /* RegisterView.swift */,
			);
			path = Views;
			sourceTree = "<group>";
		};
		052B07962BA4749600055040 /* Login */ = {
			isa = PBXGroup;
			children = (
				052B07972BA4749600055040 /* ViewModel */,
				052B07992BA4749600055040 /* Service */,
				052B079B2BA4749600055040 /* Views */,
			);
			path = Login;
			sourceTree = "<group>";
		};
		052B07972BA4749600055040 /* ViewModel */ = {
			isa = PBXGroup;
			children = (
				052B07982BA4749600055040 /* LoginViewModel.swift */,
			);
			path = ViewModel;
			sourceTree = "<group>";
		};
		052B07992BA4749600055040 /* Service */ = {
			isa = PBXGroup;
			children = (
				052B079A2BA4749600055040 /* LoginService.swift */,
			);
			path = Service;
			sourceTree = "<group>";
		};
		052B079B2BA4749600055040 /* Views */ = {
			isa = PBXGroup;
			children = (
				052B079C2BA4749600055040 /* LoginView.swift */,
			);
			path = Views;
			sourceTree = "<group>";
		};
		71CE13752BA470E200D8A0E1 = {
			isa = PBXGroup;
			children = (
				71CE13802BA470E200D8A0E1 /* SDVM */,
				71CE137F2BA470E200D8A0E1 /* Products */,
			);
			sourceTree = "<group>";
		};
		71CE137F2BA470E200D8A0E1 /* Products */ = {
			isa = PBXGroup;
			children = (
				71CE137E2BA470E200D8A0E1 /* SDVM.app */,
			);
			name = Products;
			sourceTree = "<group>";
		};
		71CE13802BA470E200D8A0E1 /* SDVM */ = {
			isa = PBXGroup;
			children = (
				71CE13C82BA473E600D8A0E1 /* Feature */,
				71CE13812BA470E200D8A0E1 /* SDVMApp.swift */,
				71CE13832BA470E200D8A0E1 /* ContentView.swift */,
				71CE13C62BA472F800D8A0E1 /* GoogleService-Info.plist */,
				71CE13852BA470E300D8A0E1 /* Assets.xcassets */,
				71CE13872BA470E300D8A0E1 /* Preview Content */,
			);
			path = SDVM;
			sourceTree = "<group>";
		};
		71CE13872BA470E300D8A0E1 /* Preview Content */ = {
			isa = PBXGroup;
			children = (
				71CE13882BA470E300D8A0E1 /* Preview Assets.xcassets */,
			);
			path = "Preview Content";
			sourceTree = "<group>";
		};
		71CE13C82BA473E600D8A0E1 /* Feature */ = {
			isa = PBXGroup;
			children = (
				052B07962BA4749600055040 /* Login */,
				052B078C2BA4747700055040 /* Registration */,
				052B07882BA4745700055040 /* Session */,
				71CE13C92BA473EF00D8A0E1 /* Home */,
			);
			path = Feature;
			sourceTree = "<group>";
		};
		71CE13C92BA473EF00D8A0E1 /* Home */ = {
			isa = PBXGroup;
			children = (
				71CE13CA2BA473FD00D8A0E1 /* Views */,
			);
			path = Home;
			sourceTree = "<group>";
		};
		71CE13CA2BA473FD00D8A0E1 /* Views */ = {
			isa = PBXGroup;
			children = (
				71CE13CB2BA4740B00D8A0E1 /* HomeView.swift */,
			);
			path = Views;
			sourceTree = "<group>";
		};
/* End PBXGroup section */

/* Begin PBXNativeTarget section */
		71CE137D2BA470E200D8A0E1 /* SDVM */ = {
			isa = PBXNativeTarget;
			buildConfigurationList = 71CE138C2BA470E300D8A0E1 /* Build configuration list for PBXNativeTarget "SDVM" */;
			buildPhases = (
				71CE137A2BA470E200D8A0E1 /* Sources */,
				71CE137B2BA470E200D8A0E1 /* Frameworks */,
				71CE137C2BA470E200D8A0E1 /* Resources */,
			);
			buildRules = (
			);
			dependencies = (
			);
			name = SDVM;
			packageProductDependencies = (
				71CE13902BA4728F00D8A0E1 /* FirebaseAnalytics */,
				71CE13922BA4728F00D8A0E1 /* FirebaseAnalyticsOnDeviceConversion */,
				71CE13942BA4728F00D8A0E1 /* FirebaseAnalyticsSwift */,
				71CE13962BA4728F00D8A0E1 /* FirebaseAnalyticsWithoutAdIdSupport */,
				71CE13982BA4728F00D8A0E1 /* FirebaseAppCheck */,
				71CE139A2BA4728F00D8A0E1 /* FirebaseAppDistribution-Beta */,
				71CE139C2BA4728F00D8A0E1 /* FirebaseAuth */,
				71CE139E2BA4728F00D8A0E1 /* FirebaseAuthCombine-Community */,
				71CE13A02BA4728F00D8A0E1 /* FirebaseCrashlytics */,
				71CE13A22BA4728F00D8A0E1 /* FirebaseDatabase */,
				71CE13A42BA4728F00D8A0E1 /* FirebaseDatabaseSwift */,
				71CE13A62BA4728F00D8A0E1 /* FirebaseDynamicLinks */,
				71CE13A82BA4728F00D8A0E1 /* FirebaseFirestore */,
				71CE13AA2BA4728F00D8A0E1 /* FirebaseFirestoreCombine-Community */,
				71CE13AC2BA4728F00D8A0E1 /* FirebaseFirestoreSwift */,
				71CE13AE2BA4728F00D8A0E1 /* FirebaseFunctions */,
				71CE13B02BA4728F00D8A0E1 /* FirebaseFunctionsCombine-Community */,
				71CE13B22BA4728F00D8A0E1 /* FirebaseInAppMessaging-Beta */,
				71CE13B42BA4728F00D8A0E1 /* FirebaseInAppMessagingSwift-Beta */,
				71CE13B62BA4728F00D8A0E1 /* FirebaseInstallations */,
				71CE13B82BA4728F00D8A0E1 /* FirebaseMLModelDownloader */,
				71CE13BA2BA4728F00D8A0E1 /* FirebaseMessaging */,
				71CE13BC2BA4728F00D8A0E1 /* FirebasePerformance */,
				71CE13BE2BA4728F00D8A0E1 /* FirebaseRemoteConfig */,
				71CE13C02BA4728F00D8A0E1 /* FirebaseRemoteConfigSwift */,
				71CE13C22BA4728F00D8A0E1 /* FirebaseStorage */,
				71CE13C42BA4728F00D8A0E1 /* FirebaseStorageCombine-Community */,
			);
			productName = SDVM;
			productReference = 71CE137E2BA470E200D8A0E1 /* SDVM.app */;
			productType = "com.apple.product-type.application";
		};
/* End PBXNativeTarget section */

/* Begin PBXProject section */
		71CE13762BA470E200D8A0E1 /* Project object */ = {
			isa = PBXProject;
			attributes = {
				BuildIndependentTargetsInParallel = 1;
				LastSwiftUpdateCheck = 1520;
				LastUpgradeCheck = 1520;
				TargetAttributes = {
					71CE137D2BA470E200D8A0E1 = {
						CreatedOnToolsVersion = 15.2;
					};
				};
			};
			buildConfigurationList = 71CE13792BA470E200D8A0E1 /* Build configuration list for PBXProject "SDVM" */;
			compatibilityVersion = "Xcode 14.0";
			developmentRegion = en;
			hasScannedForEncodings = 0;
			knownRegions = (
				en,
				Base,
			);
			mainGroup = 71CE13752BA470E200D8A0E1;
			packageReferences = (
				71CE138F2BA4728F00D8A0E1 /* XCRemoteSwiftPackageReference "firebase-ios-sdk" */,
			);
			productRefGroup = 71CE137F2BA470E200D8A0E1 /* Products */;
			projectDirPath = "";
			projectRoot = "";
			targets = (
				71CE137D2BA470E200D8A0E1 /* SDVM */,
			);
		};
/* End PBXProject section */

/* Begin PBXResourcesBuildPhase section */
		71CE137C2BA470E200D8A0E1 /* Resources */ = {
			isa = PBXResourcesBuildPhase;
			buildActionMask = 2147483647;
			files = (
				71CE13892BA470E300D8A0E1 /* Preview Assets.xcassets in Resources */,
				71CE13862BA470E300D8A0E1 /* Assets.xcassets in Resources */,
				71CE13C72BA472F800D8A0E1 /* GoogleService-Info.plist in Resources */,
			);
			runOnlyForDeploymentPostprocessing = 0;
		};
/* End PBXResourcesBuildPhase section */

/* Begin PBXSourcesBuildPhase section */
		71CE137A2BA470E200D8A0E1 /* Sources */ = {
			isa = PBXSourcesBuildPhase;
			buildActionMask = 2147483647;
			files = (
				052B07932BA4747700055040 /* RegistrationViewModel.swift in Sources */,
				052B078B2BA4745700055040 /* SessionService.swift in Sources */,
				71CE13CC2BA4740B00D8A0E1 /* HomeView.swift in Sources */,
				052B07952BA4747700055040 /* RegisterView.swift in Sources */,
				052B079E2BA4749600055040 /* LoginService.swift in Sources */,
				052B079D2BA4749600055040 /* LoginViewModel.swift in Sources */,
				71CE13842BA470E200D8A0E1 /* ContentView.swift in Sources */,
				052B07942BA4747700055040 /* RegistrationService.swift in Sources */,
				052B079F2BA4749600055040 /* LoginView.swift in Sources */,
				71CE13822BA470E200D8A0E1 /* SDVMApp.swift in Sources */,
			);
			runOnlyForDeploymentPostprocessing = 0;
		};
/* End PBXSourcesBuildPhase section */

/* Begin XCBuildConfiguration section */
		71CE138A2BA470E300D8A0E1 /* Debug */ = {
			isa = XCBuildConfiguration;
			buildSettings = {
				ALWAYS_SEARCH_USER_PATHS = NO;
				ASSETCATALOG_COMPILER_GENERATE_SWIFT_ASSET_SYMBOL_EXTENSIONS = YES;
				CLANG_ANALYZER_NONNULL = YES;
				CLANG_ANALYZER_NUMBER_OBJECT_CONVERSION = YES_AGGRESSIVE;
				CLANG_CXX_LANGUAGE_STANDARD = "gnu++20";
				CLANG_ENABLE_MODULES = YES;
				CLANG_ENABLE_OBJC_ARC = YES;
				CLANG_ENABLE_OBJC_WEAK = YES;
				CLANG_WARN_BLOCK_CAPTURE_AUTORELEASING = YES;
				CLANG_WARN_BOOL_CONVERSION = YES;
				CLANG_WARN_COMMA = YES;
				CLANG_WARN_CONSTANT_CONVERSION = YES;
				CLANG_WARN_DEPRECATED_OBJC_IMPLEMENTATIONS = YES;
				CLANG_WARN_DIRECT_OBJC_ISA_USAGE = YES_ERROR;
				CLANG_WARN_DOCUMENTATION_COMMENTS = YES;
				CLANG_WARN_EMPTY_BODY = YES;
				CLANG_WARN_ENUM_CONVERSION = YES;
				CLANG_WARN_INFINITE_RECURSION = YES;
				CLANG_WARN_INT_CONVERSION = YES;
				CLANG_WARN_NON_LITERAL_NULL_CONVERSION = YES;
				CLANG_WARN_OBJC_IMPLICIT_RETAIN_SELF = YES;
				CLANG_WARN_OBJC_LITERAL_CONVERSION = YES;
				CLANG_WARN_OBJC_ROOT_CLASS = YES_ERROR;
				CLANG_WARN_QUOTED_INCLUDE_IN_FRAMEWORK_HEADER = YES;
				CLANG_WARN_RANGE_LOOP_ANALYSIS = YES;
				CLANG_WARN_STRICT_PROTOTYPES = YES;
				CLANG_WARN_SUSPICIOUS_MOVE = YES;
				CLANG_WARN_UNGUARDED_AVAILABILITY = YES_AGGRESSIVE;
				CLANG_WARN_UNREACHABLE_CODE = YES;
				CLANG_WARN__DUPLICATE_METHOD_MATCH = YES;
				COPY_PHASE_STRIP = NO;
				DEBUG_INFORMATION_FORMAT = dwarf;
				ENABLE_STRICT_OBJC_MSGSEND = YES;
				ENABLE_TESTABILITY = YES;
				ENABLE_USER_SCRIPT_SANDBOXING = YES;
				GCC_C_LANGUAGE_STANDARD = gnu17;
				GCC_DYNAMIC_NO_PIC = NO;
				GCC_NO_COMMON_BLOCKS = YES;
				GCC_OPTIMIZATION_LEVEL = 0;
				GCC_PREPROCESSOR_DEFINITIONS = (
					"DEBUG=1",
					"$(inherited)",
				);
				GCC_WARN_64_TO_32_BIT_CONVERSION = YES;
				GCC_WARN_ABOUT_RETURN_TYPE = YES_ERROR;
				GCC_WARN_UNDECLARED_SELECTOR = YES;
				GCC_WARN_UNINITIALIZED_AUTOS = YES_AGGRESSIVE;
				GCC_WARN_UNUSED_FUNCTION = YES;
				GCC_WARN_UNUSED_VARIABLE = YES;
				IPHONEOS_DEPLOYMENT_TARGET = 17.2;
				LOCALIZATION_PREFERS_STRING_CATALOGS = YES;
				MTL_ENABLE_DEBUG_INFO = INCLUDE_SOURCE;
				MTL_FAST_MATH = YES;
				ONLY_ACTIVE_ARCH = YES;
				SDKROOT = iphoneos;
				SWIFT_ACTIVE_COMPILATION_CONDITIONS = "DEBUG $(inherited)";
				SWIFT_OPTIMIZATION_LEVEL = "-Onone";
			};
			name = Debug;
		};
		71CE138B2BA470E300D8A0E1 /* Release */ = {
			isa = XCBuildConfiguration;
			buildSettings = {
				ALWAYS_SEARCH_USER_PATHS = NO;
				ASSETCATALOG_COMPILER_GENERATE_SWIFT_ASSET_SYMBOL_EXTENSIONS = YES;
				CLANG_ANALYZER_NONNULL = YES;
				CLANG_ANALYZER_NUMBER_OBJECT_CONVERSION = YES_AGGRESSIVE;
				CLANG_CXX_LANGUAGE_STANDARD = "gnu++20";
				CLANG_ENABLE_MODULES = YES;
				CLANG_ENABLE_OBJC_ARC = YES;
				CLANG_ENABLE_OBJC_WEAK = YES;
				CLANG_WARN_BLOCK_CAPTURE_AUTORELEASING = YES;
				CLANG_WARN_BOOL_CONVERSION = YES;
				CLANG_WARN_COMMA = YES;
				CLANG_WARN_CONSTANT_CONVERSION = YES;
				CLANG_WARN_DEPRECATED_OBJC_IMPLEMENTATIONS = YES;
				CLANG_WARN_DIRECT_OBJC_ISA_USAGE = YES_ERROR;
				CLANG_WARN_DOCUMENTATION_COMMENTS = YES;
				CLANG_WARN_EMPTY_BODY = YES;
				CLANG_WARN_ENUM_CONVERSION = YES;
				CLANG_WARN_INFINITE_RECURSION = YES;
				CLANG_WARN_INT_CONVERSION = YES;
				CLANG_WARN_NON_LITERAL_NULL_CONVERSION = YES;
				CLANG_WARN_OBJC_IMPLICIT_RETAIN_SELF = YES;
				CLANG_WARN_OBJC_LITERAL_CONVERSION = YES;
				CLANG_WARN_OBJC_ROOT_CLASS = YES_ERROR;
				CLANG_WARN_QUOTED_INCLUDE_IN_FRAMEWORK_HEADER = YES;
				CLANG_WARN_RANGE_LOOP_ANALYSIS = YES;
				CLANG_WARN_STRICT_PROTOTYPES = YES;
				CLANG_WARN_SUSPICIOUS_MOVE = YES;
				CLANG_WARN_UNGUARDED_AVAILABILITY = YES_AGGRESSIVE;
				CLANG_WARN_UNREACHABLE_CODE = YES;
				CLANG_WARN__DUPLICATE_METHOD_MATCH = YES;
				COPY_PHASE_STRIP = NO;
				DEBUG_INFORMATION_FORMAT = "dwarf-with-dsym";
				ENABLE_NS_ASSERTIONS = NO;
				ENABLE_STRICT_OBJC_MSGSEND = YES;
				ENABLE_USER_SCRIPT_SANDBOXING = YES;
				GCC_C_LANGUAGE_STANDARD = gnu17;
				GCC_NO_COMMON_BLOCKS = YES;
				GCC_WARN_64_TO_32_BIT_CONVERSION = YES;
				GCC_WARN_ABOUT_RETURN_TYPE = YES_ERROR;
				GCC_WARN_UNDECLARED_SELECTOR = YES;
				GCC_WARN_UNINITIALIZED_AUTOS = YES_AGGRESSIVE;
				GCC_WARN_UNUSED_FUNCTION = YES;
				GCC_WARN_UNUSED_VARIABLE = YES;
				IPHONEOS_DEPLOYMENT_TARGET = 17.2;
				LOCALIZATION_PREFERS_STRING_CATALOGS = YES;
				MTL_ENABLE_DEBUG_INFO = NO;
				MTL_FAST_MATH = YES;
				SDKROOT = iphoneos;
				SWIFT_COMPILATION_MODE = wholemodule;
				VALIDATE_PRODUCT = YES;
			};
			name = Release;
		};
		71CE138D2BA470E300D8A0E1 /* Debug */ = {
			isa = XCBuildConfiguration;
			buildSettings = {
				ASSETCATALOG_COMPILER_APPICON_NAME = AppIcon;
				ASSETCATALOG_COMPILER_GLOBAL_ACCENT_COLOR_NAME = AccentColor;
				CODE_SIGN_STYLE = Automatic;
				CURRENT_PROJECT_VERSION = 1;
				DEVELOPMENT_ASSET_PATHS = "\"SDVM/Preview Content\"";
				DEVELOPMENT_TEAM = FBX7R3NBFP;
				ENABLE_PREVIEWS = YES;
				GENERATE_INFOPLIST_FILE = YES;
				INFOPLIST_KEY_UIApplicationSceneManifest_Generation = YES;
				INFOPLIST_KEY_UIApplicationSupportsIndirectInputEvents = YES;
				INFOPLIST_KEY_UILaunchScreen_Generation = YES;
				INFOPLIST_KEY_UISupportedInterfaceOrientations_iPad = "UIInterfaceOrientationPortrait UIInterfaceOrientationPortraitUpsideDown UIInterfaceOrientationLandscapeLeft UIInterfaceOrientationLandscapeRight";
				INFOPLIST_KEY_UISupportedInterfaceOrientations_iPhone = "UIInterfaceOrientationPortrait UIInterfaceOrientationLandscapeLeft UIInterfaceOrientationLandscapeRight";
				LD_RUNPATH_SEARCH_PATHS = (
					"$(inherited)",
					"@executable_path/Frameworks",
				);
				MARKETING_VERSION = 1.0;
				PRODUCT_BUNDLE_IDENTIFIER = BiyonikKulaklik.SDVM;
				PRODUCT_NAME = "$(TARGET_NAME)";
				SWIFT_EMIT_LOC_STRINGS = YES;
				SWIFT_VERSION = 5.0;
				TARGETED_DEVICE_FAMILY = "1,2";
			};
			name = Debug;
		};
		71CE138E2BA470E300D8A0E1 /* Release */ = {
			isa = XCBuildConfiguration;
			buildSettings = {
				ASSETCATALOG_COMPILER_APPICON_NAME = AppIcon;
				ASSETCATALOG_COMPILER_GLOBAL_ACCENT_COLOR_NAME = AccentColor;
				CODE_SIGN_STYLE = Automatic;
				CURRENT_PROJECT_VERSION = 1;
				DEVELOPMENT_ASSET_PATHS = "\"SDVM/Preview Content\"";
				DEVELOPMENT_TEAM = FBX7R3NBFP;
				ENABLE_PREVIEWS = YES;
				GENERATE_INFOPLIST_FILE = YES;
				INFOPLIST_KEY_UIApplicationSceneManifest_Generation = YES;
				INFOPLIST_KEY_UIApplicationSupportsIndirectInputEvents = YES;
				INFOPLIST_KEY_UILaunchScreen_Generation = YES;
				INFOPLIST_KEY_UISupportedInterfaceOrientations_iPad = "UIInterfaceOrientationPortrait UIInterfaceOrientationPortraitUpsideDown UIInterfaceOrientationLandscapeLeft UIInterfaceOrientationLandscapeRight";
				INFOPLIST_KEY_UISupportedInterfaceOrientations_iPhone = "UIInterfaceOrientationPortrait UIInterfaceOrientationLandscapeLeft UIInterfaceOrientationLandscapeRight";
				LD_RUNPATH_SEARCH_PATHS = (
					"$(inherited)",
					"@executable_path/Frameworks",
				);
				MARKETING_VERSION = 1.0;
				PRODUCT_BUNDLE_IDENTIFIER = BiyonikKulaklik.SDVM;
				PRODUCT_NAME = "$(TARGET_NAME)";
				SWIFT_EMIT_LOC_STRINGS = YES;
				SWIFT_VERSION = 5.0;
				TARGETED_DEVICE_FAMILY = "1,2";
			};
			name = Release;
		};
/* End XCBuildConfiguration section */

/* Begin XCConfigurationList section */
		71CE13792BA470E200D8A0E1 /* Build configuration list for PBXProject "SDVM" */ = {
			isa = XCConfigurationList;
			buildConfigurations = (
				71CE138A2BA470E300D8A0E1 /* Debug */,
				71CE138B2BA470E300D8A0E1 /* Release */,
			);
			defaultConfigurationIsVisible = 0;
			defaultConfigurationName = Release;
		};
		71CE138C2BA470E300D8A0E1 /* Build configuration list for PBXNativeTarget "SDVM" */ = {
			isa = XCConfigurationList;
			buildConfigurations = (
				71CE138D2BA470E300D8A0E1 /* Debug */,
				71CE138E2BA470E300D8A0E1 /* Release */,
			);
			defaultConfigurationIsVisible = 0;
			defaultConfigurationName = Release;
		};
/* End XCConfigurationList section */

/* Begin XCRemoteSwiftPackageReference section */
		71CE138F2BA4728F00D8A0E1 /* XCRemoteSwiftPackageReference "firebase-ios-sdk" */ = {
			isa = XCRemoteSwiftPackageReference;
			repositoryURL = "https://github.com/firebase/firebase-ios-sdk";
			requirement = {
				kind = upToNextMajorVersion;
				minimumVersion = 10.22.1;
			};
		};
/* End XCRemoteSwiftPackageReference section */

/* Begin XCSwiftPackageProductDependency section */
		71CE13902BA4728F00D8A0E1 /* FirebaseAnalytics */ = {
			isa = XCSwiftPackageProductDependency;
			package = 71CE138F2BA4728F00D8A0E1 /* XCRemoteSwiftPackageReference "firebase-ios-sdk" */;
			productName = FirebaseAnalytics;
		};
		71CE13922BA4728F00D8A0E1 /* FirebaseAnalyticsOnDeviceConversion */ = {
			isa = XCSwiftPackageProductDependency;
			package = 71CE138F2BA4728F00D8A0E1 /* XCRemoteSwiftPackageReference "firebase-ios-sdk" */;
			productName = FirebaseAnalyticsOnDeviceConversion;
		};
		71CE13942BA4728F00D8A0E1 /* FirebaseAnalyticsSwift */ = {
			isa = XCSwiftPackageProductDependency;
			package = 71CE138F2BA4728F00D8A0E1 /* XCRemoteSwiftPackageReference "firebase-ios-sdk" */;
			productName = FirebaseAnalyticsSwift;
		};
		71CE13962BA4728F00D8A0E1 /* FirebaseAnalyticsWithoutAdIdSupport */ = {
			isa = XCSwiftPackageProductDependency;
			package = 71CE138F2BA4728F00D8A0E1 /* XCRemoteSwiftPackageReference "firebase-ios-sdk" */;
			productName = FirebaseAnalyticsWithoutAdIdSupport;
		};
		71CE13982BA4728F00D8A0E1 /* FirebaseAppCheck */ = {
			isa = XCSwiftPackageProductDependency;
			package = 71CE138F2BA4728F00D8A0E1 /* XCRemoteSwiftPackageReference "firebase-ios-sdk" */;
			productName = FirebaseAppCheck;
		};
		71CE139A2BA4728F00D8A0E1 /* FirebaseAppDistribution-Beta */ = {
			isa = XCSwiftPackageProductDependency;
			package = 71CE138F2BA4728F00D8A0E1 /* XCRemoteSwiftPackageReference "firebase-ios-sdk" */;
			productName = "FirebaseAppDistribution-Beta";
		};
		71CE139C2BA4728F00D8A0E1 /* FirebaseAuth */ = {
			isa = XCSwiftPackageProductDependency;
			package = 71CE138F2BA4728F00D8A0E1 /* XCRemoteSwiftPackageReference "firebase-ios-sdk" */;
			productName = FirebaseAuth;
		};
		71CE139E2BA4728F00D8A0E1 /* FirebaseAuthCombine-Community */ = {
			isa = XCSwiftPackageProductDependency;
			package = 71CE138F2BA4728F00D8A0E1 /* XCRemoteSwiftPackageReference "firebase-ios-sdk" */;
			productName = "FirebaseAuthCombine-Community";
		};
		71CE13A02BA4728F00D8A0E1 /* FirebaseCrashlytics */ = {
			isa = XCSwiftPackageProductDependency;
			package = 71CE138F2BA4728F00D8A0E1 /* XCRemoteSwiftPackageReference "firebase-ios-sdk" */;
			productName = FirebaseCrashlytics;
		};
		71CE13A22BA4728F00D8A0E1 /* FirebaseDatabase */ = {
			isa = XCSwiftPackageProductDependency;
			package = 71CE138F2BA4728F00D8A0E1 /* XCRemoteSwiftPackageReference "firebase-ios-sdk" */;
			productName = FirebaseDatabase;
		};
		71CE13A42BA4728F00D8A0E1 /* FirebaseDatabaseSwift */ = {
			isa = XCSwiftPackageProductDependency;
			package = 71CE138F2BA4728F00D8A0E1 /* XCRemoteSwiftPackageReference "firebase-ios-sdk" */;
			productName = FirebaseDatabaseSwift;
		};
		71CE13A62BA4728F00D8A0E1 /* FirebaseDynamicLinks */ = {
			isa = XCSwiftPackageProductDependency;
			package = 71CE138F2BA4728F00D8A0E1 /* XCRemoteSwiftPackageReference "firebase-ios-sdk" */;
			productName = FirebaseDynamicLinks;
		};
		71CE13A82BA4728F00D8A0E1 /* FirebaseFirestore */ = {
			isa = XCSwiftPackageProductDependency;
			package = 71CE138F2BA4728F00D8A0E1 /* XCRemoteSwiftPackageReference "firebase-ios-sdk" */;
			productName = FirebaseFirestore;
		};
		71CE13AA2BA4728F00D8A0E1 /* FirebaseFirestoreCombine-Community */ = {
			isa = XCSwiftPackageProductDependency;
			package = 71CE138F2BA4728F00D8A0E1 /* XCRemoteSwiftPackageReference "firebase-ios-sdk" */;
			productName = "FirebaseFirestoreCombine-Community";
		};
		71CE13AC2BA4728F00D8A0E1 /* FirebaseFirestoreSwift */ = {
			isa = XCSwiftPackageProductDependency;
			package = 71CE138F2BA4728F00D8A0E1 /* XCRemoteSwiftPackageReference "firebase-ios-sdk" */;
			productName = FirebaseFirestoreSwift;
		};
		71CE13AE2BA4728F00D8A0E1 /* FirebaseFunctions */ = {
			isa = XCSwiftPackageProductDependency;
			package = 71CE138F2BA4728F00D8A0E1 /* XCRemoteSwiftPackageReference "firebase-ios-sdk" */;
			productName = FirebaseFunctions;
		};
		71CE13B02BA4728F00D8A0E1 /* FirebaseFunctionsCombine-Community */ = {
			isa = XCSwiftPackageProductDependency;
			package = 71CE138F2BA4728F00D8A0E1 /* XCRemoteSwiftPackageReference "firebase-ios-sdk" */;
			productName = "FirebaseFunctionsCombine-Community";
		};
		71CE13B22BA4728F00D8A0E1 /* FirebaseInAppMessaging-Beta */ = {
			isa = XCSwiftPackageProductDependency;
			package = 71CE138F2BA4728F00D8A0E1 /* XCRemoteSwiftPackageReference "firebase-ios-sdk" */;
			productName = "FirebaseInAppMessaging-Beta";
		};
		71CE13B42BA4728F00D8A0E1 /* FirebaseInAppMessagingSwift-Beta */ = {
			isa = XCSwiftPackageProductDependency;
			package = 71CE138F2BA4728F00D8A0E1 /* XCRemoteSwiftPackageReference "firebase-ios-sdk" */;
			productName = "FirebaseInAppMessagingSwift-Beta";
		};
		71CE13B62BA4728F00D8A0E1 /* FirebaseInstallations */ = {
			isa = XCSwiftPackageProductDependency;
			package = 71CE138F2BA4728F00D8A0E1 /* XCRemoteSwiftPackageReference "firebase-ios-sdk" */;
			productName = FirebaseInstallations;
		};
		71CE13B82BA4728F00D8A0E1 /* FirebaseMLModelDownloader */ = {
			isa = XCSwiftPackageProductDependency;
			package = 71CE138F2BA4728F00D8A0E1 /* XCRemoteSwiftPackageReference "firebase-ios-sdk" */;
			productName = FirebaseMLModelDownloader;
		};
		71CE13BA2BA4728F00D8A0E1 /* FirebaseMessaging */ = {
			isa = XCSwiftPackageProductDependency;
			package = 71CE138F2BA4728F00D8A0E1 /* XCRemoteSwiftPackageReference "firebase-ios-sdk" */;
			productName = FirebaseMessaging;
		};
		71CE13BC2BA4728F00D8A0E1 /* FirebasePerformance */ = {
			isa = XCSwiftPackageProductDependency;
			package = 71CE138F2BA4728F00D8A0E1 /* XCRemoteSwiftPackageReference "firebase-ios-sdk" */;
			productName = FirebasePerformance;
		};
		71CE13BE2BA4728F00D8A0E1 /* FirebaseRemoteConfig */ = {
			isa = XCSwiftPackageProductDependency;
			package = 71CE138F2BA4728F00D8A0E1 /* XCRemoteSwiftPackageReference "firebase-ios-sdk" */;
			productName = FirebaseRemoteConfig;
		};
		71CE13C02BA4728F00D8A0E1 /* FirebaseRemoteConfigSwift */ = {
			isa = XCSwiftPackageProductDependency;
			package = 71CE138F2BA4728F00D8A0E1 /* XCRemoteSwiftPackageReference "firebase-ios-sdk" */;
			productName = FirebaseRemoteConfigSwift;
		};
		71CE13C22BA4728F00D8A0E1 /* FirebaseStorage */ = {
			isa = XCSwiftPackageProductDependency;
			package = 71CE138F2BA4728F00D8A0E1 /* XCRemoteSwiftPackageReference "firebase-ios-sdk" */;
			productName = FirebaseStorage;
		};
		71CE13C42BA4728F00D8A0E1 /* FirebaseStorageCombine-Community */ = {
			isa = XCSwiftPackageProductDependency;
			package = 71CE138F2BA4728F00D8A0E1 /* XCRemoteSwiftPackageReference "firebase-ios-sdk" */;
			productName = "FirebaseStorageCombine-Community";
		};
/* End XCSwiftPackageProductDependency section */
	};
	rootObject = 71CE13762BA470E200D8A0E1 /* Project object */;
}
